
Microsoft Visual Studio Solution File, Format Version 12.00
# Visual Studio Version 17
VisualStudioVersion = 17.12.35323.107
MinimumVisualStudioVersion = 10.0.40219.1
Project("{FAE04EC0-301F-11D3-BF4B-00C04F79EFBC}") = "TUnit", "TUnit\TUnit.csproj", "{45A310AD-151B-4E0F-8A2C-FC55D31B16BD}"
EndProject
Project("{FAE04EC0-301F-11D3-BF4B-00C04F79EFBC}") = "TUnit.Core", "TUnit.Core\TUnit.Core.csproj", "{252CD110-7923-403F-9CCA-827E7352BF54}"
EndProject
Project("{FAE04EC0-301F-11D3-BF4B-00C04F79EFBC}") = "TUnit.TestProject", "TUnit.TestProject\TUnit.TestProject.csproj", "{2F9038D3-96AD-4D86-B06B-9E59C2B941A8}"
EndProject
Project("{FAE04EC0-301F-11D3-BF4B-00C04F79EFBC}") = "TUnit.Assertions", "TUnit.Assertions\TUnit.Assertions.csproj", "{1F1276E0-0DB5-4CD4-BF4B-74760E50B923}"
EndProject
Project("{FAE04EC0-301F-11D3-BF4B-00C04F79EFBC}") = "TUnit.Pipeline", "TUnit.Pipeline\TUnit.Pipeline.csproj", "{527337F5-0F78-4141-901C-72EA81222AB1}"
EndProject
Project("{FAE04EC0-301F-11D3-BF4B-00C04F79EFBC}") = "TUnit.Engine", "TUnit.Engine\TUnit.Engine.csproj", "{6C960AFF-E533-4B61-A559-107CA9AA5E76}"
EndProject
Project("{FAE04EC0-301F-11D3-BF4B-00C04F79EFBC}") = "TUnit.Analyzers", "TUnit.Analyzers\TUnit.Analyzers.csproj", "{68EE0A31-F949-445D-80D7-CD7160510655}"
EndProject
Project("{FAE04EC0-301F-11D3-BF4B-00C04F79EFBC}") = "TUnit.Analyzers.Tests", "TUnit.Analyzers.Tests\TUnit.Analyzers.Tests.csproj", "{EE52CB5D-86DF-47E6-B105-F453A0B6FE66}"
EndProject
Project("{FAE04EC0-301F-11D3-BF4B-00C04F79EFBC}") = "TUnit.Assertions.Analyzers", "TUnit.Assertions.Analyzers\TUnit.Assertions.Analyzers.csproj", "{DBE82E71-AFC9-4289-B381-14AF86DBE72E}"
EndProject
Project("{2150E333-8FDC-42A3-9474-1A3956D46DE8}") = "Analyzers", "Analyzers", "{503DA9FA-045D-4910-8AF6-905E6048B1F1}"
EndProject
Project("{2150E333-8FDC-42A3-9474-1A3956D46DE8}") = "Examples", "Examples", "{0BA988BF-ADCE-4343-9098-B4EF65C43709}"
EndProject
Project("{2150E333-8FDC-42A3-9474-1A3956D46DE8}") = "Test", "Test", "{62AD1EAF-43C4-4AC0-B9FA-CD59739B3850}"
EndProject
Project("{2150E333-8FDC-42A3-9474-1A3956D46DE8}") = "Build", "Build", "{D706CB1E-8E7E-4621-B036-4360D9D054C6}"
EndProject
Project("{FAE04EC0-301F-11D3-BF4B-00C04F79EFBC}") = "TUnit.Assertions.Analyzers.Tests", "TUnit.Assertions.Analyzers.Tests\TUnit.Assertions.Analyzers.Tests.csproj", "{230A0FFC-0EE8-475C-BED7-A4508C510EA7}"
EndProject
Project("{FAE04EC0-301F-11D3-BF4B-00C04F79EFBC}") = "TUnit.Core.SourceGenerator", "TUnit.Core.SourceGenerator\TUnit.Core.SourceGenerator.csproj", "{BECB04A9-C731-4AC0-B76B-36382BFE77AA}"
EndProject
Project("{FAE04EC0-301F-11D3-BF4B-00C04F79EFBC}") = "TUnit.Core.SourceGenerator.Tests", "TUnit.Core.SourceGenerator.Tests\TUnit.Core.SourceGenerator.Tests.csproj", "{2DE2A1F9-2A87-4FA8-8D62-0B60093DA604}"
EndProject
Project("{FAE04EC0-301F-11D3-BF4B-00C04F79EFBC}") = "TUnit.TestProject.Library", "TUnit.TestProject.Library\TUnit.TestProject.Library.csproj", "{227AFF42-1812-43CF-AF1D-B702029FA6AB}"
EndProject
Project("{FAE04EC0-301F-11D3-BF4B-00C04F79EFBC}") = "TUnit.Assertions.Tests", "TUnit.Assertions.Tests\TUnit.Assertions.Tests.csproj", "{5BEC27F0-C33B-4BD9-A2D1-75E6158D35DE}"
EndProject
Project("{FAE04EC0-301F-11D3-BF4B-00C04F79EFBC}") = "TUnit.Assertions.Analyzers.CodeFixers", "TUnit.Assertions.Analyzers.CodeFixers\TUnit.Assertions.Analyzers.CodeFixers.csproj", "{D5342747-7A9C-480E-ACA9-D9D6DDBA14A9}"
EndProject
Project("{FAE04EC0-301F-11D3-BF4B-00C04F79EFBC}") = "TUnit.UnitTests", "TUnit.UnitTests\TUnit.UnitTests.csproj", "{541A8198-3D3B-4763-BD20-E39FB043ED07}"
EndProject
Project("{FAE04EC0-301F-11D3-BF4B-00C04F79EFBC}") = "TUnit.RpcTests", "TUnit.RpcTests\TUnit.RpcTests.csproj", "{BD0CDBA0-8A38-45A2-8581-043A13A34D67}"
EndProject
Project("{2150E333-8FDC-42A3-9474-1A3956D46DE8}") = "Libraries", "Libraries", "{1B56B580-4D59-4E83-9F80-467D58DADAC1}"
EndProject
Project("{FAE04EC0-301F-11D3-BF4B-00C04F79EFBC}") = "TUnit.Playwright", "TUnit.Playwright\TUnit.Playwright.csproj", "{33C13E01-6FC8-4118-A4EB-7C63E6612248}"
EndProject
Project("{FAE04EC0-301F-11D3-BF4B-00C04F79EFBC}") = "TestProject", "TUnit.Templates\content\TUnit.Playwright\TestProject.csproj", "{EB92E3E9-A192-4DDD-9B10-4355D74BD119}"
EndProject
Project("{2150E333-8FDC-42A3-9474-1A3956D46DE8}") = "SourceGenerators", "SourceGenerators", "{6F7B9D8E-4539-42BC-BE0B-E5BE70ED9473}"
EndProject
Project("{FAE04EC0-301F-11D3-BF4B-00C04F79EFBC}") = "TUnit.Core.SourceGenerator.Roslyn44", "TUnit.Core.SourceGenerator.Roslyn44\TUnit.Core.SourceGenerator.Roslyn44.csproj", "{1EF4041E-CBD0-49C9-9D4B-56E16B653170}"
EndProject
Project("{FAE04EC0-301F-11D3-BF4B-00C04F79EFBC}") = "TUnit.Core.SourceGenerator.Roslyn47", "TUnit.Core.SourceGenerator.Roslyn47\TUnit.Core.SourceGenerator.Roslyn47.csproj", "{C1320FF8-0AAB-4C41-A87B-841AFB0A512A}"
EndProject
Project("{FAE04EC0-301F-11D3-BF4B-00C04F79EFBC}") = "TUnit.Analyzers.Roslyn44", "TUnit.Analyzers.Roslyn44\TUnit.Analyzers.Roslyn44.csproj", "{744CD312-B913-48E0-B917-531ED2A9A541}"
EndProject
Project("{FAE04EC0-301F-11D3-BF4B-00C04F79EFBC}") = "TUnit.Analyzers.Roslyn47", "TUnit.Analyzers.Roslyn47\TUnit.Analyzers.Roslyn47.csproj", "{54D5F1A7-7979-4C07-8FE1-426233846018}"
EndProject
Project("{FAE04EC0-301F-11D3-BF4B-00C04F79EFBC}") = "TUnit.Engine.Tests", "TUnit.Engine.Tests\TUnit.Engine.Tests.csproj", "{E0E07E64-BC0A-489E-B562-2982F3836994}"
EndProject
Project("{FAE04EC0-301F-11D3-BF4B-00C04F79EFBC}") = "TestProject", "TUnit.Templates\content\TUnit\TestProject.csproj", "{4BFDDFDB-96D9-42AA-85CE-9FBD017ACBE1}"
EndProject
Project("{2150E333-8FDC-42A3-9474-1A3956D46DE8}") = "Templates", "Templates", "{835A7825-FC06-46E2-B3B1-2BF791A22B97}"
EndProject
Project("{2150E333-8FDC-42A3-9474-1A3956D46DE8}") = "Basic", "Basic", "{1CE32FD7-4B3B-4639-B88F-67FB339461F2}"
EndProject
Project("{2150E333-8FDC-42A3-9474-1A3956D46DE8}") = "AspNet", "AspNet", "{23F41068-7C7E-435C-B6AB-4258B6380DC2}"
EndProject
Project("{FAE04EC0-301F-11D3-BF4B-00C04F79EFBC}") = "TestProject", "TUnit.Templates\content\TUnit.AspNet\TestProject\TestProject.csproj", "{2BCFDB65-AF9F-4CC4-B215-4C0035906F2A}"
EndProject
Project("{FAE04EC0-301F-11D3-BF4B-00C04F79EFBC}") = "WebApp", "TUnit.Templates\content\TUnit.AspNet\WebApp\WebApp.csproj", "{D778BF96-702F-4A59-A2D5-E348A3320E58}"
EndProject
Project("{2150E333-8FDC-42A3-9474-1A3956D46DE8}") = "Playwright", "Playwright", "{32F534AB-F8C1-42D0-BFB3-9270CEA6C3F3}"
EndProject
Project("{FAE04EC0-301F-11D3-BF4B-00C04F79EFBC}") = "TUnit.Assertions.Analyzers.CodeFixers.Tests", "TUnit.Assertions.Analyzers.CodeFixers.Tests\TUnit.Assertions.Analyzers.CodeFixers.Tests.csproj", "{D717098D-EBC5-4385-A4A4-743C1E3999CF}"
EndProject
Project("{FAE04EC0-301F-11D3-BF4B-00C04F79EFBC}") = "Playground", "Playground\Playground.csproj", "{FD8C80D9-456E-4F46-989E-9214899EED39}"
EndProject
Project("{FAE04EC0-301F-11D3-BF4B-00C04F79EFBC}") = "TUnit.Templates.Tests", "TUnit.Templates.Tests\TUnit.Templates.Tests.csproj", "{07F4FD7C-A601-4F38-B3B4-9C72DDF6A111}"
EndProject
Project("{FAE04EC0-301F-11D3-BF4B-00C04F79EFBC}") = "TUnit.Templates", "TUnit.Templates\TUnit.Templates.csproj", "{CC2B7410-0E16-40CE-8BE8-2D5F8DFD4D2C}"
EndProject
Project("{2150E333-8FDC-42A3-9474-1A3956D46DE8}") = "AspireStarter", "AspireStarter", "{02EA681E-C7D8-13C7-8484-4AC65E1B71E8}"
EndProject
Project("{2150E333-8FDC-42A3-9474-1A3956D46DE8}") = "AspireTest", "AspireTest", "{8FFE6DFD-F542-4536-9F07-0F510B662763}"
EndProject
Project("{FAE04EC0-301F-11D3-BF4B-00C04F79EFBC}") = "ExampleNamespace", "TUnit.Templates\content\TUnit.Aspire.Test\ExampleNamespace.csproj", "{C371C694-EC08-F339-C155-E3AE2136129D}"
EndProject
Project("{FAE04EC0-301F-11D3-BF4B-00C04F79EFBC}") = "ExampleNamespace.ServiceDefaults", "TUnit.Templates\content\TUnit.Aspire.Starter\ExampleNamespace.ServiceDefaults\ExampleNamespace.ServiceDefaults.csproj", "{6A2CB0A8-A7C8-C018-FD9A-CCA015E398EE}"
EndProject
Project("{FAE04EC0-301F-11D3-BF4B-00C04F79EFBC}") = "ExampleNamespace.ApiService", "TUnit.Templates\content\TUnit.Aspire.Starter\ExampleNamespace.ApiService\ExampleNamespace.ApiService.csproj", "{8792982D-00B1-4308-A30F-F210BA97FD24}"
EndProject
Project("{FAE04EC0-301F-11D3-BF4B-00C04F79EFBC}") = "ExampleNamespace.WebApp", "TUnit.Templates\content\TUnit.Aspire.Starter\ExampleNamespace.WebApp\ExampleNamespace.WebApp.csproj", "{BAD1E270-A846-35CB-46D6-1CA325A22A4D}"
EndProject
Project("{FAE04EC0-301F-11D3-BF4B-00C04F79EFBC}") = "ExampleNamespace.AppHost", "TUnit.Templates\content\TUnit.Aspire.Starter\ExampleNamespace.AppHost\ExampleNamespace.AppHost.csproj", "{92F3F6A7-C5A9-C032-4C6E-9D9EF718656D}"
EndProject
Project("{FAE04EC0-301F-11D3-BF4B-00C04F79EFBC}") = "ExampleNamespace.TestProject", "TUnit.Templates\content\TUnit.Aspire.Starter\ExampleNamespace.TestProject\ExampleNamespace.TestProject.csproj", "{AAF81E48-0ED8-FB25-A113-7C47AEC54463}"
EndProject
Project("{FAE04EC0-301F-11D3-BF4B-00C04F79EFBC}") = "TUnit.Analyzers.CodeFixers", "TUnit.Analyzers.CodeFixers\TUnit.Analyzers.CodeFixers.csproj", "{5C2033DE-A8D4-4F2D-9B3A-55FB419C4D6F}"
EndProject
Project("{FAE04EC0-301F-11D3-BF4B-00C04F79EFBC}") = "TUnit.PublicAPI", "TUnit.PublicAPI\TUnit.PublicAPI.csproj", "{123BEDCE-BBA6-46E0-9A55-7135CEB77CDC}"
EndProject
Project("{FAE04EC0-301F-11D3-BF4B-00C04F79EFBC}") = "TUnit.Example.Asp.Net.TestProject", "TUnit.Example.Asp.Net.TestProject\TUnit.Example.Asp.Net.TestProject.csproj", "{2353F30F-105F-4F0E-A2B6-FF8676AC9FBB}"
EndProject
Project("{FAE04EC0-301F-11D3-BF4B-00C04F79EFBC}") = "TUnit.Example.Asp.Net", "TUnit.Example.Asp.Net\TUnit.Example.Asp.Net.csproj", "{73EC87A5-577E-4149-B3B9-1C386AFBA2B1}"
EndProject
Project("{F2A71F9B-5D33-465A-A702-920D77279786}") = "TUnit.TestProject.FSharp", "TUnit.TestProject.FSharp\TUnit.TestProject.FSharp.fsproj", "{9058BBB1-4561-4BBC-9BED-7075A50AFC14}"
EndProject
Project("{F184B08F-C81C-45F6-A57F-5ABD9991F28F}") = "TUnit.TestProject.VB.NET", "TUnit.TestProject.VB.NET\TUnit.TestProject.VB.NET.vbproj", "{E0F6713B-3F3E-4335-B65F-69C9DE8FBA7C}"
EndProject
Project("{F2A71F9B-5D33-465A-A702-920D77279786}") = "TUnit.Assertions.FSharp", "TUnit.Assertions.FSharp\TUnit.Assertions.FSharp.fsproj", "{D283B604-1860-4A6D-800A-A51849ACFEAF}"
EndProject
Global
	GlobalSection(SolutionConfigurationPlatforms) = preSolution
		Debug|Any CPU = Debug|Any CPU
		Release|Any CPU = Release|Any CPU
	EndGlobalSection
	GlobalSection(ProjectConfigurationPlatforms) = postSolution
		{45A310AD-151B-4E0F-8A2C-FC55D31B16BD}.Debug|Any CPU.ActiveCfg = Debug|Any CPU
		{45A310AD-151B-4E0F-8A2C-FC55D31B16BD}.Debug|Any CPU.Build.0 = Debug|Any CPU
		{45A310AD-151B-4E0F-8A2C-FC55D31B16BD}.Release|Any CPU.ActiveCfg = Release|Any CPU
		{45A310AD-151B-4E0F-8A2C-FC55D31B16BD}.Release|Any CPU.Build.0 = Release|Any CPU
		{252CD110-7923-403F-9CCA-827E7352BF54}.Debug|Any CPU.ActiveCfg = Debug|Any CPU
		{252CD110-7923-403F-9CCA-827E7352BF54}.Debug|Any CPU.Build.0 = Debug|Any CPU
		{252CD110-7923-403F-9CCA-827E7352BF54}.Release|Any CPU.ActiveCfg = Release|Any CPU
		{252CD110-7923-403F-9CCA-827E7352BF54}.Release|Any CPU.Build.0 = Release|Any CPU
		{2F9038D3-96AD-4D86-B06B-9E59C2B941A8}.Debug|Any CPU.ActiveCfg = Debug|Any CPU
		{2F9038D3-96AD-4D86-B06B-9E59C2B941A8}.Debug|Any CPU.Build.0 = Debug|Any CPU
		{2F9038D3-96AD-4D86-B06B-9E59C2B941A8}.Release|Any CPU.ActiveCfg = Release|Any CPU
		{2F9038D3-96AD-4D86-B06B-9E59C2B941A8}.Release|Any CPU.Build.0 = Release|Any CPU
		{1F1276E0-0DB5-4CD4-BF4B-74760E50B923}.Debug|Any CPU.ActiveCfg = Debug|Any CPU
		{1F1276E0-0DB5-4CD4-BF4B-74760E50B923}.Debug|Any CPU.Build.0 = Debug|Any CPU
		{1F1276E0-0DB5-4CD4-BF4B-74760E50B923}.Release|Any CPU.ActiveCfg = Release|Any CPU
		{1F1276E0-0DB5-4CD4-BF4B-74760E50B923}.Release|Any CPU.Build.0 = Release|Any CPU
		{527337F5-0F78-4141-901C-72EA81222AB1}.Debug|Any CPU.ActiveCfg = Debug|Any CPU
		{527337F5-0F78-4141-901C-72EA81222AB1}.Debug|Any CPU.Build.0 = Debug|Any CPU
		{527337F5-0F78-4141-901C-72EA81222AB1}.Release|Any CPU.ActiveCfg = Release|Any CPU
		{527337F5-0F78-4141-901C-72EA81222AB1}.Release|Any CPU.Build.0 = Release|Any CPU
		{6C960AFF-E533-4B61-A559-107CA9AA5E76}.Debug|Any CPU.ActiveCfg = Debug|Any CPU
		{6C960AFF-E533-4B61-A559-107CA9AA5E76}.Debug|Any CPU.Build.0 = Debug|Any CPU
		{6C960AFF-E533-4B61-A559-107CA9AA5E76}.Release|Any CPU.ActiveCfg = Release|Any CPU
		{6C960AFF-E533-4B61-A559-107CA9AA5E76}.Release|Any CPU.Build.0 = Release|Any CPU
		{68EE0A31-F949-445D-80D7-CD7160510655}.Debug|Any CPU.ActiveCfg = Debug|Any CPU
		{68EE0A31-F949-445D-80D7-CD7160510655}.Debug|Any CPU.Build.0 = Debug|Any CPU
		{68EE0A31-F949-445D-80D7-CD7160510655}.Release|Any CPU.ActiveCfg = Release|Any CPU
		{68EE0A31-F949-445D-80D7-CD7160510655}.Release|Any CPU.Build.0 = Release|Any CPU
		{EE52CB5D-86DF-47E6-B105-F453A0B6FE66}.Debug|Any CPU.ActiveCfg = Debug|Any CPU
		{EE52CB5D-86DF-47E6-B105-F453A0B6FE66}.Debug|Any CPU.Build.0 = Debug|Any CPU
		{EE52CB5D-86DF-47E6-B105-F453A0B6FE66}.Release|Any CPU.ActiveCfg = Release|Any CPU
		{EE52CB5D-86DF-47E6-B105-F453A0B6FE66}.Release|Any CPU.Build.0 = Release|Any CPU
		{DBE82E71-AFC9-4289-B381-14AF86DBE72E}.Debug|Any CPU.ActiveCfg = Debug|Any CPU
		{DBE82E71-AFC9-4289-B381-14AF86DBE72E}.Debug|Any CPU.Build.0 = Debug|Any CPU
		{DBE82E71-AFC9-4289-B381-14AF86DBE72E}.Release|Any CPU.ActiveCfg = Release|Any CPU
		{DBE82E71-AFC9-4289-B381-14AF86DBE72E}.Release|Any CPU.Build.0 = Release|Any CPU
		{230A0FFC-0EE8-475C-BED7-A4508C510EA7}.Debug|Any CPU.ActiveCfg = Debug|Any CPU
		{230A0FFC-0EE8-475C-BED7-A4508C510EA7}.Debug|Any CPU.Build.0 = Debug|Any CPU
		{230A0FFC-0EE8-475C-BED7-A4508C510EA7}.Release|Any CPU.ActiveCfg = Release|Any CPU
		{230A0FFC-0EE8-475C-BED7-A4508C510EA7}.Release|Any CPU.Build.0 = Release|Any CPU
		{BECB04A9-C731-4AC0-B76B-36382BFE77AA}.Debug|Any CPU.ActiveCfg = Debug|Any CPU
		{BECB04A9-C731-4AC0-B76B-36382BFE77AA}.Debug|Any CPU.Build.0 = Debug|Any CPU
		{BECB04A9-C731-4AC0-B76B-36382BFE77AA}.Release|Any CPU.ActiveCfg = Release|Any CPU
		{BECB04A9-C731-4AC0-B76B-36382BFE77AA}.Release|Any CPU.Build.0 = Release|Any CPU
		{2DE2A1F9-2A87-4FA8-8D62-0B60093DA604}.Debug|Any CPU.ActiveCfg = Debug|Any CPU
		{2DE2A1F9-2A87-4FA8-8D62-0B60093DA604}.Debug|Any CPU.Build.0 = Debug|Any CPU
		{2DE2A1F9-2A87-4FA8-8D62-0B60093DA604}.Release|Any CPU.ActiveCfg = Release|Any CPU
		{2DE2A1F9-2A87-4FA8-8D62-0B60093DA604}.Release|Any CPU.Build.0 = Release|Any CPU
		{227AFF42-1812-43CF-AF1D-B702029FA6AB}.Debug|Any CPU.ActiveCfg = Debug|Any CPU
		{227AFF42-1812-43CF-AF1D-B702029FA6AB}.Debug|Any CPU.Build.0 = Debug|Any CPU
		{227AFF42-1812-43CF-AF1D-B702029FA6AB}.Release|Any CPU.ActiveCfg = Release|Any CPU
		{227AFF42-1812-43CF-AF1D-B702029FA6AB}.Release|Any CPU.Build.0 = Release|Any CPU
		{5BEC27F0-C33B-4BD9-A2D1-75E6158D35DE}.Debug|Any CPU.ActiveCfg = Debug|Any CPU
		{5BEC27F0-C33B-4BD9-A2D1-75E6158D35DE}.Debug|Any CPU.Build.0 = Debug|Any CPU
		{5BEC27F0-C33B-4BD9-A2D1-75E6158D35DE}.Release|Any CPU.ActiveCfg = Release|Any CPU
		{5BEC27F0-C33B-4BD9-A2D1-75E6158D35DE}.Release|Any CPU.Build.0 = Release|Any CPU
		{D5342747-7A9C-480E-ACA9-D9D6DDBA14A9}.Debug|Any CPU.ActiveCfg = Debug|Any CPU
		{D5342747-7A9C-480E-ACA9-D9D6DDBA14A9}.Debug|Any CPU.Build.0 = Debug|Any CPU
		{D5342747-7A9C-480E-ACA9-D9D6DDBA14A9}.Release|Any CPU.ActiveCfg = Release|Any CPU
		{D5342747-7A9C-480E-ACA9-D9D6DDBA14A9}.Release|Any CPU.Build.0 = Release|Any CPU
		{541A8198-3D3B-4763-BD20-E39FB043ED07}.Debug|Any CPU.ActiveCfg = Debug|Any CPU
		{541A8198-3D3B-4763-BD20-E39FB043ED07}.Debug|Any CPU.Build.0 = Debug|Any CPU
		{541A8198-3D3B-4763-BD20-E39FB043ED07}.Release|Any CPU.ActiveCfg = Release|Any CPU
		{541A8198-3D3B-4763-BD20-E39FB043ED07}.Release|Any CPU.Build.0 = Release|Any CPU
		{BD0CDBA0-8A38-45A2-8581-043A13A34D67}.Debug|Any CPU.ActiveCfg = Debug|Any CPU
		{BD0CDBA0-8A38-45A2-8581-043A13A34D67}.Debug|Any CPU.Build.0 = Debug|Any CPU
		{BD0CDBA0-8A38-45A2-8581-043A13A34D67}.Release|Any CPU.ActiveCfg = Release|Any CPU
		{BD0CDBA0-8A38-45A2-8581-043A13A34D67}.Release|Any CPU.Build.0 = Release|Any CPU
		{33C13E01-6FC8-4118-A4EB-7C63E6612248}.Debug|Any CPU.ActiveCfg = Debug|Any CPU
		{33C13E01-6FC8-4118-A4EB-7C63E6612248}.Debug|Any CPU.Build.0 = Debug|Any CPU
		{33C13E01-6FC8-4118-A4EB-7C63E6612248}.Release|Any CPU.ActiveCfg = Release|Any CPU
		{33C13E01-6FC8-4118-A4EB-7C63E6612248}.Release|Any CPU.Build.0 = Release|Any CPU
		{EB92E3E9-A192-4DDD-9B10-4355D74BD119}.Debug|Any CPU.ActiveCfg = Debug|Any CPU
		{EB92E3E9-A192-4DDD-9B10-4355D74BD119}.Debug|Any CPU.Build.0 = Debug|Any CPU
		{EB92E3E9-A192-4DDD-9B10-4355D74BD119}.Release|Any CPU.ActiveCfg = Release|Any CPU
		{EB92E3E9-A192-4DDD-9B10-4355D74BD119}.Release|Any CPU.Build.0 = Release|Any CPU
		{1EF4041E-CBD0-49C9-9D4B-56E16B653170}.Debug|Any CPU.ActiveCfg = Debug|Any CPU
		{1EF4041E-CBD0-49C9-9D4B-56E16B653170}.Debug|Any CPU.Build.0 = Debug|Any CPU
		{1EF4041E-CBD0-49C9-9D4B-56E16B653170}.Release|Any CPU.ActiveCfg = Release|Any CPU
		{1EF4041E-CBD0-49C9-9D4B-56E16B653170}.Release|Any CPU.Build.0 = Release|Any CPU
		{C1320FF8-0AAB-4C41-A87B-841AFB0A512A}.Debug|Any CPU.ActiveCfg = Debug|Any CPU
		{C1320FF8-0AAB-4C41-A87B-841AFB0A512A}.Debug|Any CPU.Build.0 = Debug|Any CPU
		{C1320FF8-0AAB-4C41-A87B-841AFB0A512A}.Release|Any CPU.ActiveCfg = Release|Any CPU
		{C1320FF8-0AAB-4C41-A87B-841AFB0A512A}.Release|Any CPU.Build.0 = Release|Any CPU
		{744CD312-B913-48E0-B917-531ED2A9A541}.Debug|Any CPU.ActiveCfg = Debug|Any CPU
		{744CD312-B913-48E0-B917-531ED2A9A541}.Debug|Any CPU.Build.0 = Debug|Any CPU
		{744CD312-B913-48E0-B917-531ED2A9A541}.Release|Any CPU.ActiveCfg = Release|Any CPU
		{744CD312-B913-48E0-B917-531ED2A9A541}.Release|Any CPU.Build.0 = Release|Any CPU
		{54D5F1A7-7979-4C07-8FE1-426233846018}.Debug|Any CPU.ActiveCfg = Debug|Any CPU
		{54D5F1A7-7979-4C07-8FE1-426233846018}.Debug|Any CPU.Build.0 = Debug|Any CPU
		{54D5F1A7-7979-4C07-8FE1-426233846018}.Release|Any CPU.ActiveCfg = Release|Any CPU
		{54D5F1A7-7979-4C07-8FE1-426233846018}.Release|Any CPU.Build.0 = Release|Any CPU
		{E0E07E64-BC0A-489E-B562-2982F3836994}.Debug|Any CPU.ActiveCfg = Debug|Any CPU
		{E0E07E64-BC0A-489E-B562-2982F3836994}.Debug|Any CPU.Build.0 = Debug|Any CPU
		{E0E07E64-BC0A-489E-B562-2982F3836994}.Release|Any CPU.ActiveCfg = Release|Any CPU
		{E0E07E64-BC0A-489E-B562-2982F3836994}.Release|Any CPU.Build.0 = Release|Any CPU
		{4BFDDFDB-96D9-42AA-85CE-9FBD017ACBE1}.Debug|Any CPU.ActiveCfg = Debug|Any CPU
		{4BFDDFDB-96D9-42AA-85CE-9FBD017ACBE1}.Debug|Any CPU.Build.0 = Debug|Any CPU
		{4BFDDFDB-96D9-42AA-85CE-9FBD017ACBE1}.Release|Any CPU.ActiveCfg = Release|Any CPU
		{4BFDDFDB-96D9-42AA-85CE-9FBD017ACBE1}.Release|Any CPU.Build.0 = Release|Any CPU
		{2BCFDB65-AF9F-4CC4-B215-4C0035906F2A}.Debug|Any CPU.ActiveCfg = Debug|Any CPU
		{2BCFDB65-AF9F-4CC4-B215-4C0035906F2A}.Debug|Any CPU.Build.0 = Debug|Any CPU
		{2BCFDB65-AF9F-4CC4-B215-4C0035906F2A}.Release|Any CPU.ActiveCfg = Release|Any CPU
		{2BCFDB65-AF9F-4CC4-B215-4C0035906F2A}.Release|Any CPU.Build.0 = Release|Any CPU
		{D778BF96-702F-4A59-A2D5-E348A3320E58}.Debug|Any CPU.ActiveCfg = Debug|Any CPU
		{D778BF96-702F-4A59-A2D5-E348A3320E58}.Debug|Any CPU.Build.0 = Debug|Any CPU
		{D778BF96-702F-4A59-A2D5-E348A3320E58}.Release|Any CPU.ActiveCfg = Release|Any CPU
		{D778BF96-702F-4A59-A2D5-E348A3320E58}.Release|Any CPU.Build.0 = Release|Any CPU
		{D717098D-EBC5-4385-A4A4-743C1E3999CF}.Debug|Any CPU.ActiveCfg = Debug|Any CPU
		{D717098D-EBC5-4385-A4A4-743C1E3999CF}.Debug|Any CPU.Build.0 = Debug|Any CPU
		{D717098D-EBC5-4385-A4A4-743C1E3999CF}.Release|Any CPU.ActiveCfg = Release|Any CPU
		{D717098D-EBC5-4385-A4A4-743C1E3999CF}.Release|Any CPU.Build.0 = Release|Any CPU
		{FD8C80D9-456E-4F46-989E-9214899EED39}.Debug|Any CPU.ActiveCfg = Debug|Any CPU
		{FD8C80D9-456E-4F46-989E-9214899EED39}.Debug|Any CPU.Build.0 = Debug|Any CPU
		{FD8C80D9-456E-4F46-989E-9214899EED39}.Release|Any CPU.ActiveCfg = Release|Any CPU
		{FD8C80D9-456E-4F46-989E-9214899EED39}.Release|Any CPU.Build.0 = Release|Any CPU
		{07F4FD7C-A601-4F38-B3B4-9C72DDF6A111}.Debug|Any CPU.ActiveCfg = Debug|Any CPU
		{07F4FD7C-A601-4F38-B3B4-9C72DDF6A111}.Debug|Any CPU.Build.0 = Debug|Any CPU
		{07F4FD7C-A601-4F38-B3B4-9C72DDF6A111}.Release|Any CPU.ActiveCfg = Release|Any CPU
		{07F4FD7C-A601-4F38-B3B4-9C72DDF6A111}.Release|Any CPU.Build.0 = Release|Any CPU
		{CC2B7410-0E16-40CE-8BE8-2D5F8DFD4D2C}.Debug|Any CPU.ActiveCfg = Debug|Any CPU
		{CC2B7410-0E16-40CE-8BE8-2D5F8DFD4D2C}.Debug|Any CPU.Build.0 = Debug|Any CPU
		{CC2B7410-0E16-40CE-8BE8-2D5F8DFD4D2C}.Release|Any CPU.ActiveCfg = Release|Any CPU
		{CC2B7410-0E16-40CE-8BE8-2D5F8DFD4D2C}.Release|Any CPU.Build.0 = Release|Any CPU
		{C371C694-EC08-F339-C155-E3AE2136129D}.Debug|Any CPU.ActiveCfg = Debug|Any CPU
		{C371C694-EC08-F339-C155-E3AE2136129D}.Debug|Any CPU.Build.0 = Debug|Any CPU
		{C371C694-EC08-F339-C155-E3AE2136129D}.Release|Any CPU.ActiveCfg = Release|Any CPU
		{C371C694-EC08-F339-C155-E3AE2136129D}.Release|Any CPU.Build.0 = Release|Any CPU
		{6A2CB0A8-A7C8-C018-FD9A-CCA015E398EE}.Debug|Any CPU.ActiveCfg = Debug|Any CPU
		{6A2CB0A8-A7C8-C018-FD9A-CCA015E398EE}.Debug|Any CPU.Build.0 = Debug|Any CPU
		{6A2CB0A8-A7C8-C018-FD9A-CCA015E398EE}.Release|Any CPU.ActiveCfg = Release|Any CPU
		{6A2CB0A8-A7C8-C018-FD9A-CCA015E398EE}.Release|Any CPU.Build.0 = Release|Any CPU
		{8792982D-00B1-4308-A30F-F210BA97FD24}.Debug|Any CPU.ActiveCfg = Debug|Any CPU
		{8792982D-00B1-4308-A30F-F210BA97FD24}.Debug|Any CPU.Build.0 = Debug|Any CPU
		{8792982D-00B1-4308-A30F-F210BA97FD24}.Release|Any CPU.ActiveCfg = Release|Any CPU
		{8792982D-00B1-4308-A30F-F210BA97FD24}.Release|Any CPU.Build.0 = Release|Any CPU
		{BAD1E270-A846-35CB-46D6-1CA325A22A4D}.Debug|Any CPU.ActiveCfg = Debug|Any CPU
		{BAD1E270-A846-35CB-46D6-1CA325A22A4D}.Debug|Any CPU.Build.0 = Debug|Any CPU
		{BAD1E270-A846-35CB-46D6-1CA325A22A4D}.Release|Any CPU.ActiveCfg = Release|Any CPU
		{BAD1E270-A846-35CB-46D6-1CA325A22A4D}.Release|Any CPU.Build.0 = Release|Any CPU
		{92F3F6A7-C5A9-C032-4C6E-9D9EF718656D}.Debug|Any CPU.ActiveCfg = Debug|Any CPU
		{92F3F6A7-C5A9-C032-4C6E-9D9EF718656D}.Debug|Any CPU.Build.0 = Debug|Any CPU
		{92F3F6A7-C5A9-C032-4C6E-9D9EF718656D}.Release|Any CPU.ActiveCfg = Release|Any CPU
		{92F3F6A7-C5A9-C032-4C6E-9D9EF718656D}.Release|Any CPU.Build.0 = Release|Any CPU
		{AAF81E48-0ED8-FB25-A113-7C47AEC54463}.Debug|Any CPU.ActiveCfg = Debug|Any CPU
		{AAF81E48-0ED8-FB25-A113-7C47AEC54463}.Debug|Any CPU.Build.0 = Debug|Any CPU
		{AAF81E48-0ED8-FB25-A113-7C47AEC54463}.Release|Any CPU.ActiveCfg = Release|Any CPU
		{AAF81E48-0ED8-FB25-A113-7C47AEC54463}.Release|Any CPU.Build.0 = Release|Any CPU
		{5C2033DE-A8D4-4F2D-9B3A-55FB419C4D6F}.Debug|Any CPU.ActiveCfg = Debug|Any CPU
		{5C2033DE-A8D4-4F2D-9B3A-55FB419C4D6F}.Debug|Any CPU.Build.0 = Debug|Any CPU
		{5C2033DE-A8D4-4F2D-9B3A-55FB419C4D6F}.Release|Any CPU.ActiveCfg = Release|Any CPU
		{5C2033DE-A8D4-4F2D-9B3A-55FB419C4D6F}.Release|Any CPU.Build.0 = Release|Any CPU
		{123BEDCE-BBA6-46E0-9A55-7135CEB77CDC}.Debug|Any CPU.ActiveCfg = Debug|Any CPU
		{123BEDCE-BBA6-46E0-9A55-7135CEB77CDC}.Debug|Any CPU.Build.0 = Debug|Any CPU
		{123BEDCE-BBA6-46E0-9A55-7135CEB77CDC}.Release|Any CPU.ActiveCfg = Release|Any CPU
		{123BEDCE-BBA6-46E0-9A55-7135CEB77CDC}.Release|Any CPU.Build.0 = Release|Any CPU
		{2353F30F-105F-4F0E-A2B6-FF8676AC9FBB}.Debug|Any CPU.ActiveCfg = Debug|Any CPU
		{2353F30F-105F-4F0E-A2B6-FF8676AC9FBB}.Debug|Any CPU.Build.0 = Debug|Any CPU
		{2353F30F-105F-4F0E-A2B6-FF8676AC9FBB}.Release|Any CPU.ActiveCfg = Release|Any CPU
		{2353F30F-105F-4F0E-A2B6-FF8676AC9FBB}.Release|Any CPU.Build.0 = Release|Any CPU
		{73EC87A5-577E-4149-B3B9-1C386AFBA2B1}.Debug|Any CPU.ActiveCfg = Debug|Any CPU
		{73EC87A5-577E-4149-B3B9-1C386AFBA2B1}.Debug|Any CPU.Build.0 = Debug|Any CPU
		{73EC87A5-577E-4149-B3B9-1C386AFBA2B1}.Release|Any CPU.ActiveCfg = Release|Any CPU
		{73EC87A5-577E-4149-B3B9-1C386AFBA2B1}.Release|Any CPU.Build.0 = Release|Any CPU
		{9058BBB1-4561-4BBC-9BED-7075A50AFC14}.Debug|Any CPU.ActiveCfg = Debug|Any CPU
		{9058BBB1-4561-4BBC-9BED-7075A50AFC14}.Debug|Any CPU.Build.0 = Debug|Any CPU
		{9058BBB1-4561-4BBC-9BED-7075A50AFC14}.Release|Any CPU.ActiveCfg = Release|Any CPU
		{9058BBB1-4561-4BBC-9BED-7075A50AFC14}.Release|Any CPU.Build.0 = Release|Any CPU
		{E0F6713B-3F3E-4335-B65F-69C9DE8FBA7C}.Debug|Any CPU.ActiveCfg = Debug|Any CPU
		{E0F6713B-3F3E-4335-B65F-69C9DE8FBA7C}.Debug|Any CPU.Build.0 = Debug|Any CPU
		{E0F6713B-3F3E-4335-B65F-69C9DE8FBA7C}.Release|Any CPU.ActiveCfg = Release|Any CPU
		{E0F6713B-3F3E-4335-B65F-69C9DE8FBA7C}.Release|Any CPU.Build.0 = Release|Any CPU
		{D283B604-1860-4A6D-800A-A51849ACFEAF}.Debug|Any CPU.ActiveCfg = Debug|Any CPU
		{D283B604-1860-4A6D-800A-A51849ACFEAF}.Debug|Any CPU.Build.0 = Debug|Any CPU
		{D283B604-1860-4A6D-800A-A51849ACFEAF}.Release|Any CPU.ActiveCfg = Release|Any CPU
		{D283B604-1860-4A6D-800A-A51849ACFEAF}.Release|Any CPU.Build.0 = Release|Any CPU
	EndGlobalSection
	GlobalSection(SolutionProperties) = preSolution
		HideSolutionNode = FALSE
	EndGlobalSection
	GlobalSection(NestedProjects) = preSolution
		{2F9038D3-96AD-4D86-B06B-9E59C2B941A8} = {0BA988BF-ADCE-4343-9098-B4EF65C43709}
		{527337F5-0F78-4141-901C-72EA81222AB1} = {D706CB1E-8E7E-4621-B036-4360D9D054C6}
		{68EE0A31-F949-445D-80D7-CD7160510655} = {503DA9FA-045D-4910-8AF6-905E6048B1F1}
		{EE52CB5D-86DF-47E6-B105-F453A0B6FE66} = {62AD1EAF-43C4-4AC0-B9FA-CD59739B3850}
		{DBE82E71-AFC9-4289-B381-14AF86DBE72E} = {503DA9FA-045D-4910-8AF6-905E6048B1F1}
		{230A0FFC-0EE8-475C-BED7-A4508C510EA7} = {62AD1EAF-43C4-4AC0-B9FA-CD59739B3850}
		{BECB04A9-C731-4AC0-B76B-36382BFE77AA} = {6F7B9D8E-4539-42BC-BE0B-E5BE70ED9473}
		{2DE2A1F9-2A87-4FA8-8D62-0B60093DA604} = {62AD1EAF-43C4-4AC0-B9FA-CD59739B3850}
		{227AFF42-1812-43CF-AF1D-B702029FA6AB} = {0BA988BF-ADCE-4343-9098-B4EF65C43709}
		{5BEC27F0-C33B-4BD9-A2D1-75E6158D35DE} = {62AD1EAF-43C4-4AC0-B9FA-CD59739B3850}
		{D5342747-7A9C-480E-ACA9-D9D6DDBA14A9} = {503DA9FA-045D-4910-8AF6-905E6048B1F1}
		{541A8198-3D3B-4763-BD20-E39FB043ED07} = {62AD1EAF-43C4-4AC0-B9FA-CD59739B3850}
		{BD0CDBA0-8A38-45A2-8581-043A13A34D67} = {62AD1EAF-43C4-4AC0-B9FA-CD59739B3850}
		{33C13E01-6FC8-4118-A4EB-7C63E6612248} = {1B56B580-4D59-4E83-9F80-467D58DADAC1}
		{EB92E3E9-A192-4DDD-9B10-4355D74BD119} = {32F534AB-F8C1-42D0-BFB3-9270CEA6C3F3}
		{1EF4041E-CBD0-49C9-9D4B-56E16B653170} = {6F7B9D8E-4539-42BC-BE0B-E5BE70ED9473}
		{C1320FF8-0AAB-4C41-A87B-841AFB0A512A} = {6F7B9D8E-4539-42BC-BE0B-E5BE70ED9473}
		{744CD312-B913-48E0-B917-531ED2A9A541} = {503DA9FA-045D-4910-8AF6-905E6048B1F1}
		{54D5F1A7-7979-4C07-8FE1-426233846018} = {503DA9FA-045D-4910-8AF6-905E6048B1F1}
		{E0E07E64-BC0A-489E-B562-2982F3836994} = {62AD1EAF-43C4-4AC0-B9FA-CD59739B3850}
		{4BFDDFDB-96D9-42AA-85CE-9FBD017ACBE1} = {1CE32FD7-4B3B-4639-B88F-67FB339461F2}
		{1CE32FD7-4B3B-4639-B88F-67FB339461F2} = {835A7825-FC06-46E2-B3B1-2BF791A22B97}
		{23F41068-7C7E-435C-B6AB-4258B6380DC2} = {835A7825-FC06-46E2-B3B1-2BF791A22B97}
		{2BCFDB65-AF9F-4CC4-B215-4C0035906F2A} = {23F41068-7C7E-435C-B6AB-4258B6380DC2}
		{D778BF96-702F-4A59-A2D5-E348A3320E58} = {23F41068-7C7E-435C-B6AB-4258B6380DC2}
		{32F534AB-F8C1-42D0-BFB3-9270CEA6C3F3} = {835A7825-FC06-46E2-B3B1-2BF791A22B97}
		{D717098D-EBC5-4385-A4A4-743C1E3999CF} = {62AD1EAF-43C4-4AC0-B9FA-CD59739B3850}
		{FD8C80D9-456E-4F46-989E-9214899EED39} = {0BA988BF-ADCE-4343-9098-B4EF65C43709}
		{07F4FD7C-A601-4F38-B3B4-9C72DDF6A111} = {62AD1EAF-43C4-4AC0-B9FA-CD59739B3850}
		{CC2B7410-0E16-40CE-8BE8-2D5F8DFD4D2C} = {835A7825-FC06-46E2-B3B1-2BF791A22B97}
		{02EA681E-C7D8-13C7-8484-4AC65E1B71E8} = {835A7825-FC06-46E2-B3B1-2BF791A22B97}
		{8FFE6DFD-F542-4536-9F07-0F510B662763} = {835A7825-FC06-46E2-B3B1-2BF791A22B97}
		{C371C694-EC08-F339-C155-E3AE2136129D} = {8FFE6DFD-F542-4536-9F07-0F510B662763}
		{6A2CB0A8-A7C8-C018-FD9A-CCA015E398EE} = {02EA681E-C7D8-13C7-8484-4AC65E1B71E8}
		{8792982D-00B1-4308-A30F-F210BA97FD24} = {02EA681E-C7D8-13C7-8484-4AC65E1B71E8}
		{BAD1E270-A846-35CB-46D6-1CA325A22A4D} = {02EA681E-C7D8-13C7-8484-4AC65E1B71E8}
		{92F3F6A7-C5A9-C032-4C6E-9D9EF718656D} = {02EA681E-C7D8-13C7-8484-4AC65E1B71E8}
		{AAF81E48-0ED8-FB25-A113-7C47AEC54463} = {02EA681E-C7D8-13C7-8484-4AC65E1B71E8}
		{5C2033DE-A8D4-4F2D-9B3A-55FB419C4D6F} = {503DA9FA-045D-4910-8AF6-905E6048B1F1}
		{123BEDCE-BBA6-46E0-9A55-7135CEB77CDC} = {62AD1EAF-43C4-4AC0-B9FA-CD59739B3850}
		{2353F30F-105F-4F0E-A2B6-FF8676AC9FBB} = {0BA988BF-ADCE-4343-9098-B4EF65C43709}
		{73EC87A5-577E-4149-B3B9-1C386AFBA2B1} = {0BA988BF-ADCE-4343-9098-B4EF65C43709}
		{9058BBB1-4561-4BBC-9BED-7075A50AFC14} = {0BA988BF-ADCE-4343-9098-B4EF65C43709}
		{E0F6713B-3F3E-4335-B65F-69C9DE8FBA7C} = {0BA988BF-ADCE-4343-9098-B4EF65C43709}
	EndGlobalSection
	GlobalSection(ExtensibilityGlobals) = postSolution
		SolutionGuid = {109D285A-36B3-4503-BCDF-8E26FB0E2C5B}
	EndGlobalSection
EndGlobal
