
Microsoft Visual Studio Solution File, Format Version 12.00
# Visual Studio Version 17
VisualStudioVersion = 17.12.35323.107
MinimumVisualStudioVersion = 10.0.40219.1
Project("{FAE04EC0-301F-11D3-BF4B-00C04F79EFBC}") = "TUnit", "TUnit\TUnit.csproj", "{45A310AD-151B-4E0F-8A2C-FC55D31B16BD}"
EndProject
Project("{FAE04EC0-301F-11D3-BF4B-00C04F79EFBC}") = "TUnit.Core", "TUnit.Core\TUnit.Core.csproj", "{252CD110-7923-403F-9CCA-827E7352BF54}"
EndProject
Project("{FAE04EC0-301F-11D3-BF4B-00C04F79EFBC}") = "TUnit.TestProject", "TUnit.TestProject\TUnit.TestProject.csproj", "{2F9038D3-96AD-4D86-B06B-9E59C2B941A8}"
EndProject
Project("{FAE04EC0-301F-11D3-BF4B-00C04F79EFBC}") = "TUnit.Assertions", "TUnit.Assertions\TUnit.Assertions.csproj", "{1F1276E0-0DB5-4CD4-BF4B-74760E50B923}"
EndProject
Project("{FAE04EC0-301F-11D3-BF4B-00C04F79EFBC}") = "TUnit.Pipeline", "TUnit.Pipeline\TUnit.Pipeline.csproj", "{527337F5-0F78-4141-901C-72EA81222AB1}"
EndProject
Project("{FAE04EC0-301F-11D3-BF4B-00C04F79EFBC}") = "TUnit.Assertions.UnitTests", "TUnit.Assertions.UnitTests\TUnit.Assertions.UnitTests.csproj", "{2D9CBBB5-2FF5-44F4-8358-D39CD0BD19EA}"
EndProject
Project("{FAE04EC0-301F-11D3-BF4B-00C04F79EFBC}") = "TUnit.Engine", "TUnit.Engine\TUnit.Engine.csproj", "{6C960AFF-E533-4B61-A559-107CA9AA5E76}"
EndProject
Project("{FAE04EC0-301F-11D3-BF4B-00C04F79EFBC}") = "TUnit.Analyzers", "TUnit.Analyzers\TUnit.Analyzers.csproj", "{68EE0A31-F949-445D-80D7-CD7160510655}"
EndProject
Project("{FAE04EC0-301F-11D3-BF4B-00C04F79EFBC}") = "TUnit.Analyzers.Tests", "TUnit.Analyzers.Tests\TUnit.Analyzers.Tests.csproj", "{EE52CB5D-86DF-47E6-B105-F453A0B6FE66}"
EndProject
Project("{FAE04EC0-301F-11D3-BF4B-00C04F79EFBC}") = "TUnit.Assertions.Analyzers", "TUnit.Assertions.Analyzers\TUnit.Assertions.Analyzers.csproj", "{DBE82E71-AFC9-4289-B381-14AF86DBE72E}"
EndProject
Project("{2150E333-8FDC-42A3-9474-1A3956D46DE8}") = "Analyzers", "Analyzers", "{503DA9FA-045D-4910-8AF6-905E6048B1F1}"
EndProject
Project("{2150E333-8FDC-42A3-9474-1A3956D46DE8}") = "Examples", "Examples", "{0BA988BF-ADCE-4343-9098-B4EF65C43709}"
EndProject
Project("{2150E333-8FDC-42A3-9474-1A3956D46DE8}") = "Test", "Test", "{62AD1EAF-43C4-4AC0-B9FA-CD59739B3850}"
EndProject
Project("{2150E333-8FDC-42A3-9474-1A3956D46DE8}") = "Build", "Build", "{D706CB1E-8E7E-4621-B036-4360D9D054C6}"
EndProject
Project("{FAE04EC0-301F-11D3-BF4B-00C04F79EFBC}") = "TUnit.Assertions.Analyzers.Tests", "TUnit.Assertions.Analyzers.Tests\TUnit.Assertions.Analyzers.Tests.csproj", "{230A0FFC-0EE8-475C-BED7-A4508C510EA7}"
EndProject
Project("{FAE04EC0-301F-11D3-BF4B-00C04F79EFBC}") = "TUnit.Core.SourceGenerator", "TUnit.Core.SourceGenerator\TUnit.Core.SourceGenerator.csproj", "{BECB04A9-C731-4AC0-B76B-36382BFE77AA}"
EndProject
Project("{FAE04EC0-301F-11D3-BF4B-00C04F79EFBC}") = "TUnit.Core.SourceGenerator.Tests", "TUnit.Core.SourceGenerator.Tests\TUnit.Core.SourceGenerator.Tests.csproj", "{2DE2A1F9-2A87-4FA8-8D62-0B60093DA604}"
EndProject
Project("{FAE04EC0-301F-11D3-BF4B-00C04F79EFBC}") = "TUnit.TestProject.Library", "TUnit.TestProject.Library\TUnit.TestProject.Library.csproj", "{227AFF42-1812-43CF-AF1D-B702029FA6AB}"
EndProject
Project("{FAE04EC0-301F-11D3-BF4B-00C04F79EFBC}") = "TUnit.Assertions.Tests", "TUnit.Assertions.Tests\TUnit.Assertions.Tests.csproj", "{5BEC27F0-C33B-4BD9-A2D1-75E6158D35DE}"
EndProject
Project("{FAE04EC0-301F-11D3-BF4B-00C04F79EFBC}") = "TUnit.Assertions.Analyzers.CodeFixers", "TUnit.Assertions.Analyzers.CodeFixers\TUnit.Assertions.Analyzers.CodeFixers.csproj", "{D5342747-7A9C-480E-ACA9-D9D6DDBA14A9}"
EndProject
Project("{FAE04EC0-301F-11D3-BF4B-00C04F79EFBC}") = "TUnit.UnitTests", "TUnit.UnitTests\TUnit.UnitTests.csproj", "{541A8198-3D3B-4763-BD20-E39FB043ED07}"
EndProject
Project("{FAE04EC0-301F-11D3-BF4B-00C04F79EFBC}") = "TUnit.RpcTests", "TUnit.RpcTests\TUnit.RpcTests.csproj", "{BD0CDBA0-8A38-45A2-8581-043A13A34D67}"
EndProject
Project("{2150E333-8FDC-42A3-9474-1A3956D46DE8}") = "Libraries", "Libraries", "{1B56B580-4D59-4E83-9F80-467D58DADAC1}"
EndProject
Project("{FAE04EC0-301F-11D3-BF4B-00C04F79EFBC}") = "TUnit.Playwright", "TUnit.Playwright\TUnit.Playwright.csproj", "{33C13E01-6FC8-4118-A4EB-7C63E6612248}"
EndProject
Project("{FAE04EC0-301F-11D3-BF4B-00C04F79EFBC}") = "TestProject", "TUnit.Templates\content\TUnit.Playwright\TestProject.csproj", "{EB92E3E9-A192-4DDD-9B10-4355D74BD119}"
EndProject
Project("{2150E333-8FDC-42A3-9474-1A3956D46DE8}") = "SourceGenerators", "SourceGenerators", "{6F7B9D8E-4539-42BC-BE0B-E5BE70ED9473}"
EndProject
Project("{FAE04EC0-301F-11D3-BF4B-00C04F79EFBC}") = "TUnit.Core.SourceGenerator.Roslyn44", "TUnit.Core.SourceGenerator.Roslyn44\TUnit.Core.SourceGenerator.Roslyn44.csproj", "{1EF4041E-CBD0-49C9-9D4B-56E16B653170}"
EndProject
Project("{FAE04EC0-301F-11D3-BF4B-00C04F79EFBC}") = "TUnit.Core.SourceGenerator.Roslyn47", "TUnit.Core.SourceGenerator.Roslyn47\TUnit.Core.SourceGenerator.Roslyn47.csproj", "{C1320FF8-0AAB-4C41-A87B-841AFB0A512A}"
EndProject
Project("{FAE04EC0-301F-11D3-BF4B-00C04F79EFBC}") = "TUnit.Analyzers.Roslyn44", "TUnit.Analyzers.Roslyn44\TUnit.Analyzers.Roslyn44.csproj", "{744CD312-B913-48E0-B917-531ED2A9A541}"
EndProject
Project("{FAE04EC0-301F-11D3-BF4B-00C04F79EFBC}") = "TUnit.Analyzers.Roslyn47", "TUnit.Analyzers.Roslyn47\TUnit.Analyzers.Roslyn47.csproj", "{54D5F1A7-7979-4C07-8FE1-426233846018}"
EndProject
Project("{FAE04EC0-301F-11D3-BF4B-00C04F79EFBC}") = "TUnit.Engine.Tests", "TUnit.Engine.Tests\TUnit.Engine.Tests.csproj", "{E0E07E64-BC0A-489E-B562-2982F3836994}"
EndProject
Project("{FAE04EC0-301F-11D3-BF4B-00C04F79EFBC}") = "TestProject", "TUnit.Templates\content\TUnit\TestProject.csproj", "{4BFDDFDB-96D9-42AA-85CE-9FBD017ACBE1}"
EndProject
Project("{2150E333-8FDC-42A3-9474-1A3956D46DE8}") = "Templates", "Templates", "{835A7825-FC06-46E2-B3B1-2BF791A22B97}"
EndProject
Project("{2150E333-8FDC-42A3-9474-1A3956D46DE8}") = "Basic", "Basic", "{1CE32FD7-4B3B-4639-B88F-67FB339461F2}"
EndProject
Project("{2150E333-8FDC-42A3-9474-1A3956D46DE8}") = "AspNet", "AspNet", "{23F41068-7C7E-435C-B6AB-4258B6380DC2}"
EndProject
Project("{FAE04EC0-301F-11D3-BF4B-00C04F79EFBC}") = "TestProject", "TUnit.Templates\content\TUnit.AspNet\TestProject\TestProject.csproj", "{2BCFDB65-AF9F-4CC4-B215-4C0035906F2A}"
EndProject
Project("{FAE04EC0-301F-11D3-BF4B-00C04F79EFBC}") = "WebApp", "TUnit.Templates\content\TUnit.AspNet\WebApp\WebApp.csproj", "{D778BF96-702F-4A59-A2D5-E348A3320E58}"
EndProject
Project("{2150E333-8FDC-42A3-9474-1A3956D46DE8}") = "Playwright", "Playwright", "{32F534AB-F8C1-42D0-BFB3-9270CEA6C3F3}"
EndProject
Project("{FAE04EC0-301F-11D3-BF4B-00C04F79EFBC}") = "TUnit.Assertions.Analyzers.CodeFixers.Tests", "TUnit.Assertions.Analyzers.CodeFixers.Tests\TUnit.Assertions.Analyzers.CodeFixers.Tests.csproj", "{D717098D-EBC5-4385-A4A4-743C1E3999CF}"
EndProject
Project("{FAE04EC0-301F-11D3-BF4B-00C04F79EFBC}") = "Playground", "Playground\Playground.csproj", "{FD8C80D9-456E-4F46-989E-9214899EED39}"
EndProject
Project("{FAE04EC0-301F-11D3-BF4B-00C04F79EFBC}") = "TUnit.Templates.Tests", "TUnit.Templates.Tests\TUnit.Templates.Tests.csproj", "{07F4FD7C-A601-4F38-B3B4-9C72DDF6A111}"
EndProject
Project("{FAE04EC0-301F-11D3-BF4B-00C04F79EFBC}") = "TUnit.Templates", "TUnit.Templates\TUnit.Templates.csproj", "{CC2B7410-0E16-40CE-8BE8-2D5F8DFD4D2C}"
EndProject
Project("{2150E333-8FDC-42A3-9474-1A3956D46DE8}") = "Aspire", "Aspire", "{02EA681E-C7D8-13C7-8484-4AC65E1B71E8}"
EndProject
Project("{FAE04EC0-301F-11D3-BF4B-00C04F79EFBC}") = "ApiService", "TUnit.Templates\content\TUnit.Aspire\ApiService\ApiService.csproj", "{214FEF74-B00F-2B2D-DF46-6A1438A94781}"
EndProject
Project("{FAE04EC0-301F-11D3-BF4B-00C04F79EFBC}") = "AppHost", "TUnit.Templates\content\TUnit.Aspire\AppHost\AppHost.csproj", "{A9DA5A68-9A9D-26F1-E6B2-6C3EEA28CC44}"
EndProject
Project("{FAE04EC0-301F-11D3-BF4B-00C04F79EFBC}") = "ServiceDefaults", "TUnit.Templates\content\TUnit.Aspire\ServiceDefaults\ServiceDefaults.csproj", "{48D5AA4F-93A5-5E1C-F391-F0563723EBF0}"
EndProject
Project("{FAE04EC0-301F-11D3-BF4B-00C04F79EFBC}") = "TestProject", "TUnit.Templates\content\TUnit.Aspire\TestProject\TestProject.csproj", "{A286FCA4-A46C-B29C-0528-A4766FA3B411}"
EndProject
Project("{FAE04EC0-301F-11D3-BF4B-00C04F79EFBC}") = "WebApp", "TUnit.Templates\content\TUnit.Aspire\WebApp\WebApp.csproj", "{0BCD568F-EB8F-454B-E02E-8C7E7DDBC97D}"
EndProject
Global
	GlobalSection(SolutionConfigurationPlatforms) = preSolution
		Debug|Any CPU = Debug|Any CPU
		Release|Any CPU = Release|Any CPU
	EndGlobalSection
	GlobalSection(ProjectConfigurationPlatforms) = postSolution
		{45A310AD-151B-4E0F-8A2C-FC55D31B16BD}.Debug|Any CPU.ActiveCfg = Debug|Any CPU
		{45A310AD-151B-4E0F-8A2C-FC55D31B16BD}.Debug|Any CPU.Build.0 = Debug|Any CPU
		{45A310AD-151B-4E0F-8A2C-FC55D31B16BD}.Release|Any CPU.ActiveCfg = Release|Any CPU
		{45A310AD-151B-4E0F-8A2C-FC55D31B16BD}.Release|Any CPU.Build.0 = Release|Any CPU
		{252CD110-7923-403F-9CCA-827E7352BF54}.Debug|Any CPU.ActiveCfg = Debug|Any CPU
		{252CD110-7923-403F-9CCA-827E7352BF54}.Debug|Any CPU.Build.0 = Debug|Any CPU
		{252CD110-7923-403F-9CCA-827E7352BF54}.Release|Any CPU.ActiveCfg = Release|Any CPU
		{252CD110-7923-403F-9CCA-827E7352BF54}.Release|Any CPU.Build.0 = Release|Any CPU
		{2F9038D3-96AD-4D86-B06B-9E59C2B941A8}.Debug|Any CPU.ActiveCfg = Debug|Any CPU
		{2F9038D3-96AD-4D86-B06B-9E59C2B941A8}.Debug|Any CPU.Build.0 = Debug|Any CPU
		{2F9038D3-96AD-4D86-B06B-9E59C2B941A8}.Release|Any CPU.ActiveCfg = Release|Any CPU
		{2F9038D3-96AD-4D86-B06B-9E59C2B941A8}.Release|Any CPU.Build.0 = Release|Any CPU
		{1F1276E0-0DB5-4CD4-BF4B-74760E50B923}.Debug|Any CPU.ActiveCfg = Debug|Any CPU
		{1F1276E0-0DB5-4CD4-BF4B-74760E50B923}.Debug|Any CPU.Build.0 = Debug|Any CPU
		{1F1276E0-0DB5-4CD4-BF4B-74760E50B923}.Release|Any CPU.ActiveCfg = Release|Any CPU
		{1F1276E0-0DB5-4CD4-BF4B-74760E50B923}.Release|Any CPU.Build.0 = Release|Any CPU
		{527337F5-0F78-4141-901C-72EA81222AB1}.Debug|Any CPU.ActiveCfg = Debug|Any CPU
		{527337F5-0F78-4141-901C-72EA81222AB1}.Debug|Any CPU.Build.0 = Debug|Any CPU
		{527337F5-0F78-4141-901C-72EA81222AB1}.Release|Any CPU.ActiveCfg = Release|Any CPU
		{527337F5-0F78-4141-901C-72EA81222AB1}.Release|Any CPU.Build.0 = Release|Any CPU
		{2D9CBBB5-2FF5-44F4-8358-D39CD0BD19EA}.Debug|Any CPU.ActiveCfg = Debug|Any CPU
		{2D9CBBB5-2FF5-44F4-8358-D39CD0BD19EA}.Debug|Any CPU.Build.0 = Debug|Any CPU
		{2D9CBBB5-2FF5-44F4-8358-D39CD0BD19EA}.Release|Any CPU.ActiveCfg = Release|Any CPU
		{2D9CBBB5-2FF5-44F4-8358-D39CD0BD19EA}.Release|Any CPU.Build.0 = Release|Any CPU
		{6C960AFF-E533-4B61-A559-107CA9AA5E76}.Debug|Any CPU.ActiveCfg = Debug|Any CPU
		{6C960AFF-E533-4B61-A559-107CA9AA5E76}.Debug|Any CPU.Build.0 = Debug|Any CPU
		{6C960AFF-E533-4B61-A559-107CA9AA5E76}.Release|Any CPU.ActiveCfg = Release|Any CPU
		{6C960AFF-E533-4B61-A559-107CA9AA5E76}.Release|Any CPU.Build.0 = Release|Any CPU
		{68EE0A31-F949-445D-80D7-CD7160510655}.Debug|Any CPU.ActiveCfg = Debug|Any CPU
		{68EE0A31-F949-445D-80D7-CD7160510655}.Debug|Any CPU.Build.0 = Debug|Any CPU
		{68EE0A31-F949-445D-80D7-CD7160510655}.Release|Any CPU.ActiveCfg = Release|Any CPU
		{68EE0A31-F949-445D-80D7-CD7160510655}.Release|Any CPU.Build.0 = Release|Any CPU
		{EE52CB5D-86DF-47E6-B105-F453A0B6FE66}.Debug|Any CPU.ActiveCfg = Debug|Any CPU
		{EE52CB5D-86DF-47E6-B105-F453A0B6FE66}.Debug|Any CPU.Build.0 = Debug|Any CPU
		{EE52CB5D-86DF-47E6-B105-F453A0B6FE66}.Release|Any CPU.ActiveCfg = Release|Any CPU
		{EE52CB5D-86DF-47E6-B105-F453A0B6FE66}.Release|Any CPU.Build.0 = Release|Any CPU
		{DBE82E71-AFC9-4289-B381-14AF86DBE72E}.Debug|Any CPU.ActiveCfg = Debug|Any CPU
		{DBE82E71-AFC9-4289-B381-14AF86DBE72E}.Debug|Any CPU.Build.0 = Debug|Any CPU
		{DBE82E71-AFC9-4289-B381-14AF86DBE72E}.Release|Any CPU.ActiveCfg = Release|Any CPU
		{DBE82E71-AFC9-4289-B381-14AF86DBE72E}.Release|Any CPU.Build.0 = Release|Any CPU
		{230A0FFC-0EE8-475C-BED7-A4508C510EA7}.Debug|Any CPU.ActiveCfg = Debug|Any CPU
		{230A0FFC-0EE8-475C-BED7-A4508C510EA7}.Debug|Any CPU.Build.0 = Debug|Any CPU
		{230A0FFC-0EE8-475C-BED7-A4508C510EA7}.Release|Any CPU.ActiveCfg = Release|Any CPU
		{230A0FFC-0EE8-475C-BED7-A4508C510EA7}.Release|Any CPU.Build.0 = Release|Any CPU
		{BECB04A9-C731-4AC0-B76B-36382BFE77AA}.Debug|Any CPU.ActiveCfg = Debug|Any CPU
		{BECB04A9-C731-4AC0-B76B-36382BFE77AA}.Debug|Any CPU.Build.0 = Debug|Any CPU
		{BECB04A9-C731-4AC0-B76B-36382BFE77AA}.Release|Any CPU.ActiveCfg = Release|Any CPU
		{BECB04A9-C731-4AC0-B76B-36382BFE77AA}.Release|Any CPU.Build.0 = Release|Any CPU
		{2DE2A1F9-2A87-4FA8-8D62-0B60093DA604}.Debug|Any CPU.ActiveCfg = Debug|Any CPU
		{2DE2A1F9-2A87-4FA8-8D62-0B60093DA604}.Debug|Any CPU.Build.0 = Debug|Any CPU
		{2DE2A1F9-2A87-4FA8-8D62-0B60093DA604}.Release|Any CPU.ActiveCfg = Release|Any CPU
		{2DE2A1F9-2A87-4FA8-8D62-0B60093DA604}.Release|Any CPU.Build.0 = Release|Any CPU
		{227AFF42-1812-43CF-AF1D-B702029FA6AB}.Debug|Any CPU.ActiveCfg = Debug|Any CPU
		{227AFF42-1812-43CF-AF1D-B702029FA6AB}.Debug|Any CPU.Build.0 = Debug|Any CPU
		{227AFF42-1812-43CF-AF1D-B702029FA6AB}.Release|Any CPU.ActiveCfg = Release|Any CPU
		{227AFF42-1812-43CF-AF1D-B702029FA6AB}.Release|Any CPU.Build.0 = Release|Any CPU
		{5BEC27F0-C33B-4BD9-A2D1-75E6158D35DE}.Debug|Any CPU.ActiveCfg = Debug|Any CPU
		{5BEC27F0-C33B-4BD9-A2D1-75E6158D35DE}.Debug|Any CPU.Build.0 = Debug|Any CPU
		{5BEC27F0-C33B-4BD9-A2D1-75E6158D35DE}.Release|Any CPU.ActiveCfg = Release|Any CPU
		{5BEC27F0-C33B-4BD9-A2D1-75E6158D35DE}.Release|Any CPU.Build.0 = Release|Any CPU
		{D5342747-7A9C-480E-ACA9-D9D6DDBA14A9}.Debug|Any CPU.ActiveCfg = Debug|Any CPU
		{D5342747-7A9C-480E-ACA9-D9D6DDBA14A9}.Debug|Any CPU.Build.0 = Debug|Any CPU
		{D5342747-7A9C-480E-ACA9-D9D6DDBA14A9}.Release|Any CPU.ActiveCfg = Release|Any CPU
		{D5342747-7A9C-480E-ACA9-D9D6DDBA14A9}.Release|Any CPU.Build.0 = Release|Any CPU
		{541A8198-3D3B-4763-BD20-E39FB043ED07}.Debug|Any CPU.ActiveCfg = Debug|Any CPU
		{541A8198-3D3B-4763-BD20-E39FB043ED07}.Debug|Any CPU.Build.0 = Debug|Any CPU
		{541A8198-3D3B-4763-BD20-E39FB043ED07}.Release|Any CPU.ActiveCfg = Release|Any CPU
		{541A8198-3D3B-4763-BD20-E39FB043ED07}.Release|Any CPU.Build.0 = Release|Any CPU
		{BD0CDBA0-8A38-45A2-8581-043A13A34D67}.Debug|Any CPU.ActiveCfg = Debug|Any CPU
		{BD0CDBA0-8A38-45A2-8581-043A13A34D67}.Debug|Any CPU.Build.0 = Debug|Any CPU
		{BD0CDBA0-8A38-45A2-8581-043A13A34D67}.Release|Any CPU.ActiveCfg = Release|Any CPU
		{BD0CDBA0-8A38-45A2-8581-043A13A34D67}.Release|Any CPU.Build.0 = Release|Any CPU
		{33C13E01-6FC8-4118-A4EB-7C63E6612248}.Debug|Any CPU.ActiveCfg = Debug|Any CPU
		{33C13E01-6FC8-4118-A4EB-7C63E6612248}.Debug|Any CPU.Build.0 = Debug|Any CPU
		{33C13E01-6FC8-4118-A4EB-7C63E6612248}.Release|Any CPU.ActiveCfg = Release|Any CPU
		{33C13E01-6FC8-4118-A4EB-7C63E6612248}.Release|Any CPU.Build.0 = Release|Any CPU
		{EB92E3E9-A192-4DDD-9B10-4355D74BD119}.Debug|Any CPU.ActiveCfg = Debug|Any CPU
		{EB92E3E9-A192-4DDD-9B10-4355D74BD119}.Debug|Any CPU.Build.0 = Debug|Any CPU
		{EB92E3E9-A192-4DDD-9B10-4355D74BD119}.Release|Any CPU.ActiveCfg = Release|Any CPU
		{EB92E3E9-A192-4DDD-9B10-4355D74BD119}.Release|Any CPU.Build.0 = Release|Any CPU
		{1EF4041E-CBD0-49C9-9D4B-56E16B653170}.Debug|Any CPU.ActiveCfg = Debug|Any CPU
		{1EF4041E-CBD0-49C9-9D4B-56E16B653170}.Debug|Any CPU.Build.0 = Debug|Any CPU
		{1EF4041E-CBD0-49C9-9D4B-56E16B653170}.Release|Any CPU.ActiveCfg = Release|Any CPU
		{1EF4041E-CBD0-49C9-9D4B-56E16B653170}.Release|Any CPU.Build.0 = Release|Any CPU
		{C1320FF8-0AAB-4C41-A87B-841AFB0A512A}.Debug|Any CPU.ActiveCfg = Debug|Any CPU
		{C1320FF8-0AAB-4C41-A87B-841AFB0A512A}.Debug|Any CPU.Build.0 = Debug|Any CPU
		{C1320FF8-0AAB-4C41-A87B-841AFB0A512A}.Release|Any CPU.ActiveCfg = Release|Any CPU
		{C1320FF8-0AAB-4C41-A87B-841AFB0A512A}.Release|Any CPU.Build.0 = Release|Any CPU
		{744CD312-B913-48E0-B917-531ED2A9A541}.Debug|Any CPU.ActiveCfg = Debug|Any CPU
		{744CD312-B913-48E0-B917-531ED2A9A541}.Debug|Any CPU.Build.0 = Debug|Any CPU
		{744CD312-B913-48E0-B917-531ED2A9A541}.Release|Any CPU.ActiveCfg = Release|Any CPU
		{744CD312-B913-48E0-B917-531ED2A9A541}.Release|Any CPU.Build.0 = Release|Any CPU
		{54D5F1A7-7979-4C07-8FE1-426233846018}.Debug|Any CPU.ActiveCfg = Debug|Any CPU
		{54D5F1A7-7979-4C07-8FE1-426233846018}.Debug|Any CPU.Build.0 = Debug|Any CPU
		{54D5F1A7-7979-4C07-8FE1-426233846018}.Release|Any CPU.ActiveCfg = Release|Any CPU
		{54D5F1A7-7979-4C07-8FE1-426233846018}.Release|Any CPU.Build.0 = Release|Any CPU
		{E0E07E64-BC0A-489E-B562-2982F3836994}.Debug|Any CPU.ActiveCfg = Debug|Any CPU
		{E0E07E64-BC0A-489E-B562-2982F3836994}.Debug|Any CPU.Build.0 = Debug|Any CPU
		{E0E07E64-BC0A-489E-B562-2982F3836994}.Release|Any CPU.ActiveCfg = Release|Any CPU
		{E0E07E64-BC0A-489E-B562-2982F3836994}.Release|Any CPU.Build.0 = Release|Any CPU
		{4BFDDFDB-96D9-42AA-85CE-9FBD017ACBE1}.Debug|Any CPU.ActiveCfg = Debug|Any CPU
		{4BFDDFDB-96D9-42AA-85CE-9FBD017ACBE1}.Debug|Any CPU.Build.0 = Debug|Any CPU
		{4BFDDFDB-96D9-42AA-85CE-9FBD017ACBE1}.Release|Any CPU.ActiveCfg = Release|Any CPU
		{4BFDDFDB-96D9-42AA-85CE-9FBD017ACBE1}.Release|Any CPU.Build.0 = Release|Any CPU
		{2BCFDB65-AF9F-4CC4-B215-4C0035906F2A}.Debug|Any CPU.ActiveCfg = Debug|Any CPU
		{2BCFDB65-AF9F-4CC4-B215-4C0035906F2A}.Debug|Any CPU.Build.0 = Debug|Any CPU
		{2BCFDB65-AF9F-4CC4-B215-4C0035906F2A}.Release|Any CPU.ActiveCfg = Release|Any CPU
		{2BCFDB65-AF9F-4CC4-B215-4C0035906F2A}.Release|Any CPU.Build.0 = Release|Any CPU
		{D778BF96-702F-4A59-A2D5-E348A3320E58}.Debug|Any CPU.ActiveCfg = Debug|Any CPU
		{D778BF96-702F-4A59-A2D5-E348A3320E58}.Debug|Any CPU.Build.0 = Debug|Any CPU
		{D778BF96-702F-4A59-A2D5-E348A3320E58}.Release|Any CPU.ActiveCfg = Release|Any CPU
		{D778BF96-702F-4A59-A2D5-E348A3320E58}.Release|Any CPU.Build.0 = Release|Any CPU
		{D717098D-EBC5-4385-A4A4-743C1E3999CF}.Debug|Any CPU.ActiveCfg = Debug|Any CPU
		{D717098D-EBC5-4385-A4A4-743C1E3999CF}.Debug|Any CPU.Build.0 = Debug|Any CPU
		{D717098D-EBC5-4385-A4A4-743C1E3999CF}.Release|Any CPU.ActiveCfg = Release|Any CPU
		{D717098D-EBC5-4385-A4A4-743C1E3999CF}.Release|Any CPU.Build.0 = Release|Any CPU
		{FD8C80D9-456E-4F46-989E-9214899EED39}.Debug|Any CPU.ActiveCfg = Debug|Any CPU
		{FD8C80D9-456E-4F46-989E-9214899EED39}.Debug|Any CPU.Build.0 = Debug|Any CPU
		{FD8C80D9-456E-4F46-989E-9214899EED39}.Release|Any CPU.ActiveCfg = Release|Any CPU
		{FD8C80D9-456E-4F46-989E-9214899EED39}.Release|Any CPU.Build.0 = Release|Any CPU
		{07F4FD7C-A601-4F38-B3B4-9C72DDF6A111}.Debug|Any CPU.ActiveCfg = Debug|Any CPU
		{07F4FD7C-A601-4F38-B3B4-9C72DDF6A111}.Debug|Any CPU.Build.0 = Debug|Any CPU
		{07F4FD7C-A601-4F38-B3B4-9C72DDF6A111}.Release|Any CPU.ActiveCfg = Release|Any CPU
		{07F4FD7C-A601-4F38-B3B4-9C72DDF6A111}.Release|Any CPU.Build.0 = Release|Any CPU
		{CC2B7410-0E16-40CE-8BE8-2D5F8DFD4D2C}.Debug|Any CPU.ActiveCfg = Debug|Any CPU
		{CC2B7410-0E16-40CE-8BE8-2D5F8DFD4D2C}.Debug|Any CPU.Build.0 = Debug|Any CPU
		{CC2B7410-0E16-40CE-8BE8-2D5F8DFD4D2C}.Release|Any CPU.ActiveCfg = Release|Any CPU
		{CC2B7410-0E16-40CE-8BE8-2D5F8DFD4D2C}.Release|Any CPU.Build.0 = Release|Any CPU
		{214FEF74-B00F-2B2D-DF46-6A1438A94781}.Debug|Any CPU.ActiveCfg = Debug|Any CPU
		{214FEF74-B00F-2B2D-DF46-6A1438A94781}.Debug|Any CPU.Build.0 = Debug|Any CPU
		{214FEF74-B00F-2B2D-DF46-6A1438A94781}.Release|Any CPU.ActiveCfg = Release|Any CPU
		{214FEF74-B00F-2B2D-DF46-6A1438A94781}.Release|Any CPU.Build.0 = Release|Any CPU
		{A9DA5A68-9A9D-26F1-E6B2-6C3EEA28CC44}.Debug|Any CPU.ActiveCfg = Debug|Any CPU
		{A9DA5A68-9A9D-26F1-E6B2-6C3EEA28CC44}.Debug|Any CPU.Build.0 = Debug|Any CPU
		{A9DA5A68-9A9D-26F1-E6B2-6C3EEA28CC44}.Release|Any CPU.ActiveCfg = Release|Any CPU
		{A9DA5A68-9A9D-26F1-E6B2-6C3EEA28CC44}.Release|Any CPU.Build.0 = Release|Any CPU
		{48D5AA4F-93A5-5E1C-F391-F0563723EBF0}.Debug|Any CPU.ActiveCfg = Debug|Any CPU
		{48D5AA4F-93A5-5E1C-F391-F0563723EBF0}.Debug|Any CPU.Build.0 = Debug|Any CPU
		{48D5AA4F-93A5-5E1C-F391-F0563723EBF0}.Release|Any CPU.ActiveCfg = Release|Any CPU
		{48D5AA4F-93A5-5E1C-F391-F0563723EBF0}.Release|Any CPU.Build.0 = Release|Any CPU
		{A286FCA4-A46C-B29C-0528-A4766FA3B411}.Debug|Any CPU.ActiveCfg = Debug|Any CPU
		{A286FCA4-A46C-B29C-0528-A4766FA3B411}.Debug|Any CPU.Build.0 = Debug|Any CPU
		{A286FCA4-A46C-B29C-0528-A4766FA3B411}.Release|Any CPU.ActiveCfg = Release|Any CPU
		{A286FCA4-A46C-B29C-0528-A4766FA3B411}.Release|Any CPU.Build.0 = Release|Any CPU
		{0BCD568F-EB8F-454B-E02E-8C7E7DDBC97D}.Debug|Any CPU.ActiveCfg = Debug|Any CPU
		{0BCD568F-EB8F-454B-E02E-8C7E7DDBC97D}.Debug|Any CPU.Build.0 = Debug|Any CPU
		{0BCD568F-EB8F-454B-E02E-8C7E7DDBC97D}.Release|Any CPU.ActiveCfg = Release|Any CPU
		{0BCD568F-EB8F-454B-E02E-8C7E7DDBC97D}.Release|Any CPU.Build.0 = Release|Any CPU
	EndGlobalSection
	GlobalSection(SolutionProperties) = preSolution
		HideSolutionNode = FALSE
	EndGlobalSection
	GlobalSection(NestedProjects) = preSolution
		{2F9038D3-96AD-4D86-B06B-9E59C2B941A8} = {0BA988BF-ADCE-4343-9098-B4EF65C43709}
		{527337F5-0F78-4141-901C-72EA81222AB1} = {D706CB1E-8E7E-4621-B036-4360D9D054C6}
		{2D9CBBB5-2FF5-44F4-8358-D39CD0BD19EA} = {62AD1EAF-43C4-4AC0-B9FA-CD59739B3850}
		{68EE0A31-F949-445D-80D7-CD7160510655} = {503DA9FA-045D-4910-8AF6-905E6048B1F1}
		{EE52CB5D-86DF-47E6-B105-F453A0B6FE66} = {62AD1EAF-43C4-4AC0-B9FA-CD59739B3850}
		{DBE82E71-AFC9-4289-B381-14AF86DBE72E} = {503DA9FA-045D-4910-8AF6-905E6048B1F1}
		{230A0FFC-0EE8-475C-BED7-A4508C510EA7} = {62AD1EAF-43C4-4AC0-B9FA-CD59739B3850}
		{BECB04A9-C731-4AC0-B76B-36382BFE77AA} = {6F7B9D8E-4539-42BC-BE0B-E5BE70ED9473}
		{2DE2A1F9-2A87-4FA8-8D62-0B60093DA604} = {62AD1EAF-43C4-4AC0-B9FA-CD59739B3850}
		{227AFF42-1812-43CF-AF1D-B702029FA6AB} = {0BA988BF-ADCE-4343-9098-B4EF65C43709}
		{5BEC27F0-C33B-4BD9-A2D1-75E6158D35DE} = {62AD1EAF-43C4-4AC0-B9FA-CD59739B3850}
		{D5342747-7A9C-480E-ACA9-D9D6DDBA14A9} = {503DA9FA-045D-4910-8AF6-905E6048B1F1}
		{541A8198-3D3B-4763-BD20-E39FB043ED07} = {62AD1EAF-43C4-4AC0-B9FA-CD59739B3850}
		{BD0CDBA0-8A38-45A2-8581-043A13A34D67} = {62AD1EAF-43C4-4AC0-B9FA-CD59739B3850}
		{33C13E01-6FC8-4118-A4EB-7C63E6612248} = {1B56B580-4D59-4E83-9F80-467D58DADAC1}
		{EB92E3E9-A192-4DDD-9B10-4355D74BD119} = {32F534AB-F8C1-42D0-BFB3-9270CEA6C3F3}
		{1EF4041E-CBD0-49C9-9D4B-56E16B653170} = {6F7B9D8E-4539-42BC-BE0B-E5BE70ED9473}
		{C1320FF8-0AAB-4C41-A87B-841AFB0A512A} = {6F7B9D8E-4539-42BC-BE0B-E5BE70ED9473}
		{744CD312-B913-48E0-B917-531ED2A9A541} = {503DA9FA-045D-4910-8AF6-905E6048B1F1}
		{54D5F1A7-7979-4C07-8FE1-426233846018} = {503DA9FA-045D-4910-8AF6-905E6048B1F1}
		{E0E07E64-BC0A-489E-B562-2982F3836994} = {62AD1EAF-43C4-4AC0-B9FA-CD59739B3850}
		{4BFDDFDB-96D9-42AA-85CE-9FBD017ACBE1} = {1CE32FD7-4B3B-4639-B88F-67FB339461F2}
		{1CE32FD7-4B3B-4639-B88F-67FB339461F2} = {835A7825-FC06-46E2-B3B1-2BF791A22B97}
		{23F41068-7C7E-435C-B6AB-4258B6380DC2} = {835A7825-FC06-46E2-B3B1-2BF791A22B97}
		{2BCFDB65-AF9F-4CC4-B215-4C0035906F2A} = {23F41068-7C7E-435C-B6AB-4258B6380DC2}
		{D778BF96-702F-4A59-A2D5-E348A3320E58} = {23F41068-7C7E-435C-B6AB-4258B6380DC2}
		{32F534AB-F8C1-42D0-BFB3-9270CEA6C3F3} = {835A7825-FC06-46E2-B3B1-2BF791A22B97}
		{D717098D-EBC5-4385-A4A4-743C1E3999CF} = {62AD1EAF-43C4-4AC0-B9FA-CD59739B3850}
		{FD8C80D9-456E-4F46-989E-9214899EED39} = {0BA988BF-ADCE-4343-9098-B4EF65C43709}
		{07F4FD7C-A601-4F38-B3B4-9C72DDF6A111} = {62AD1EAF-43C4-4AC0-B9FA-CD59739B3850}
		{CC2B7410-0E16-40CE-8BE8-2D5F8DFD4D2C} = {835A7825-FC06-46E2-B3B1-2BF791A22B97}
		{02EA681E-C7D8-13C7-8484-4AC65E1B71E8} = {835A7825-FC06-46E2-B3B1-2BF791A22B97}
		{214FEF74-B00F-2B2D-DF46-6A1438A94781} = {02EA681E-C7D8-13C7-8484-4AC65E1B71E8}
		{A9DA5A68-9A9D-26F1-E6B2-6C3EEA28CC44} = {02EA681E-C7D8-13C7-8484-4AC65E1B71E8}
		{48D5AA4F-93A5-5E1C-F391-F0563723EBF0} = {02EA681E-C7D8-13C7-8484-4AC65E1B71E8}
		{A286FCA4-A46C-B29C-0528-A4766FA3B411} = {02EA681E-C7D8-13C7-8484-4AC65E1B71E8}
		{0BCD568F-EB8F-454B-E02E-8C7E7DDBC97D} = {02EA681E-C7D8-13C7-8484-4AC65E1B71E8}
	EndGlobalSection
	GlobalSection(ExtensibilityGlobals) = postSolution
		SolutionGuid = {109D285A-36B3-4503-BCDF-8E26FB0E2C5B}
	EndGlobalSection
EndGlobal
