
Microsoft Visual Studio Solution File, Format Version 12.00
Project("{FAE04EC0-301F-11D3-BF4B-00C04F79EFBC}") = "UnifiedTests", "UnifiedTests\UnifiedTests.csproj", "{A1B2C3D4-E5F6-7890-ABCD-EF1234567890}"
EndProject
Project("{FAE04EC0-301F-11D3-BF4B-00C04F79EFBC}") = "Tests.Benchmark", "Tests.Benchmark\Tests.Benchmark.csproj", "{F8678629-33C9-4A75-9575-CB8EC1DA218E}"
EndProject
Global
	GlobalSection(SolutionConfigurationPlatforms) = preSolution
		Debug|Any CPU = Debug|Any CPU
		Release|Any CPU = Release|Any CPU
	EndGlobalSection
	GlobalSection(ProjectConfigurationPlatforms) = postSolution
		{A1B2C3D4-E5F6-7890-ABCD-EF1234567890}.Debug|Any CPU.ActiveCfg = Debug|Any CPU
		{A1B2C3D4-E5F6-7890-ABCD-EF1234567890}.Debug|Any CPU.Build.0 = Debug|Any CPU
		{A1B2C3D4-E5F6-7890-ABCD-EF1234567890}.Release|Any CPU.ActiveCfg = Release|Any CPU
		{A1B2C3D4-E5F6-7890-ABCD-EF1234567890}.Release|Any CPU.Build.0 = Release|Any CPU
		{F8678629-33C9-4A75-9575-CB8EC1DA218E}.Debug|Any CPU.ActiveCfg = Debug|Any CPU
		{F8678629-33C9-4A75-9575-CB8EC1DA218E}.Debug|Any CPU.Build.0 = Debug|Any CPU
		{F8678629-33C9-4A75-9575-CB8EC1DA218E}.Release|Any CPU.ActiveCfg = Release|Any CPU
		{F8678629-33C9-4A75-9575-CB8EC1DA218E}.Release|Any CPU.Build.0 = Release|Any CPU
	EndGlobalSection
EndGlobal