
Microsoft Visual Studio Solution File, Format Version 12.00
Project("{FAE04EC0-301F-11D3-BF4B-00C04F79EFBC}") = "TUnit.SpeedComparison.Pipeline", "TUnit.SpeedComparison.Pipeline\TUnit.SpeedComparison.Pipeline.csproj", "{B41449E1-D040-458A-862A-CD0958B06CA1}"
EndProject
Global
	GlobalSection(SolutionConfigurationPlatforms) = preSolution
		Debug|Any CPU = Debug|Any CPU
		Release|Any CPU = Release|Any CPU
	EndGlobalSection
	GlobalSection(ProjectConfigurationPlatforms) = postSolution
		{B41449E1-D040-458A-862A-CD0958B06CA1}.Debug|Any CPU.ActiveCfg = Debug|Any CPU
		{B41449E1-D040-458A-862A-CD0958B06CA1}.Debug|Any CPU.Build.0 = Debug|Any CPU
		{B41449E1-D040-458A-862A-CD0958B06CA1}.Release|Any CPU.ActiveCfg = Release|Any CPU
		{B41449E1-D040-458A-862A-CD0958B06CA1}.Release|Any CPU.Build.0 = Release|Any CPU
	EndGlobalSection
EndGlobal
