
Microsoft Visual Studio Solution File, Format Version 12.00
Project("{FAE04EC0-301F-11D3-BF4B-00C04F79EFBC}") = "NUnitTimer", "NUnitTimer\NUnitTimer.csproj", "{936F6833-0677-4DC7-9FB5-F51F8AA7B0F7}"
EndProject
Global
	GlobalSection(SolutionConfigurationPlatforms) = preSolution
		Debug|Any CPU = Debug|Any CPU
		Release|Any CPU = Release|Any CPU
	EndGlobalSection
	GlobalSection(ProjectConfigurationPlatforms) = postSolution
		{936F6833-0677-4DC7-9FB5-F51F8AA7B0F7}.Debug|Any CPU.ActiveCfg = Debug|Any CPU
		{936F6833-0677-4DC7-9FB5-F51F8AA7B0F7}.Debug|Any CPU.Build.0 = Debug|Any CPU
		{936F6833-0677-4DC7-9FB5-F51F8AA7B0F7}.Release|Any CPU.ActiveCfg = Release|Any CPU
		{936F6833-0677-4DC7-9FB5-F51F8AA7B0F7}.Release|Any CPU.Build.0 = Release|Any CPU
	EndGlobalSection
EndGlobal
