
Microsoft Visual Studio Solution File, Format Version 12.00
Project("{FAE04EC0-301F-11D3-BF4B-00C04F79EFBC}") = "MSTestTimer", "MSTestTimer\MSTestTimer.csproj", "{0D88A24E-7A58-415E-BBF5-A77904C7420B}"
EndProject
Global
	GlobalSection(SolutionConfigurationPlatforms) = preSolution
		Debug|Any CPU = Debug|Any CPU
		Release|Any CPU = Release|Any CPU
	EndGlobalSection
	GlobalSection(ProjectConfigurationPlatforms) = postSolution
		{0D88A24E-7A58-415E-BBF5-A77904C7420B}.Debug|Any CPU.ActiveCfg = Debug|Any CPU
		{0D88A24E-7A58-415E-BBF5-A77904C7420B}.Debug|Any CPU.Build.0 = Debug|Any CPU
		{0D88A24E-7A58-415E-BBF5-A77904C7420B}.Release|Any CPU.ActiveCfg = Release|Any CPU
		{0D88A24E-7A58-415E-BBF5-A77904C7420B}.Release|Any CPU.Build.0 = Release|Any CPU
	EndGlobalSection
EndGlobal
