
Microsoft Visual Studio Solution File, Format Version 12.00
Project("{FAE04EC0-301F-11D3-BF4B-00C04F79EFBC}") = "TUnit.NugetTester", "TUnit.NugetTester\TUnit.NugetTester.csproj", "{596A508A-F6D6-422F-8DA2-45B085916B97}"
EndProject
Global
	GlobalSection(SolutionConfigurationPlatforms) = preSolution
		Debug|Any CPU = Debug|Any CPU
		Release|Any CPU = Release|Any CPU
	EndGlobalSection
	GlobalSection(ProjectConfigurationPlatforms) = postSolution
		{596A508A-F6D6-422F-8DA2-45B085916B97}.Debug|Any CPU.ActiveCfg = Debug|Any CPU
		{596A508A-F6D6-422F-8DA2-45B085916B97}.Debug|Any CPU.Build.0 = Debug|Any CPU
		{596A508A-F6D6-422F-8DA2-45B085916B97}.Release|Any CPU.ActiveCfg = Release|Any CPU
		{596A508A-F6D6-422F-8DA2-45B085916B97}.Release|Any CPU.Build.0 = Release|Any CPU
	EndGlobalSection
EndGlobal
