
Microsoft Visual Studio Solution File, Format Version 12.00
# Visual Studio Version 17
VisualStudioVersion = 17.0.31903.59
MinimumVisualStudioVersion = 10.0.40219.1
Project("{FAE04EC0-301F-11D3-BF4B-00C04F79EFBC}") = "TUnit.AspNetCore.NugetTester.WebApp", "TUnit.AspNetCore.NugetTester.WebApp\TUnit.AspNetCore.NugetTester.WebApp.csproj", "{72905889-262E-4555-A47B-F3C2E8768BA0}"
EndProject
Project("{FAE04EC0-301F-11D3-BF4B-00C04F79EFBC}") = "TUnit.AspNetCore.NugetTester", "TUnit.AspNetCore.NugetTester\TUnit.AspNetCore.NugetTester.csproj", "{D9FA8977-E954-436E-81C8-38DCE64B1A7D}"
EndProject
Global
	GlobalSection(SolutionConfigurationPlatforms) = preSolution
		Debug|Any CPU = Debug|Any CPU
		Debug|x64 = Debug|x64
		Debug|x86 = Debug|x86
		Release|Any CPU = Release|Any CPU
		Release|x64 = Release|x64
		Release|x86 = Release|x86
	EndGlobalSection
	GlobalSection(ProjectConfigurationPlatforms) = postSolution
		{72905889-262E-4555-A47B-F3C2E8768BA0}.Debug|Any CPU.ActiveCfg = Debug|Any CPU
		{72905889-262E-4555-A47B-F3C2E8768BA0}.Debug|Any CPU.Build.0 = Debug|Any CPU
		{72905889-262E-4555-A47B-F3C2E8768BA0}.Debug|x64.ActiveCfg = Debug|Any CPU
		{72905889-262E-4555-A47B-F3C2E8768BA0}.Debug|x64.Build.0 = Debug|Any CPU
		{72905889-262E-4555-A47B-F3C2E8768BA0}.Debug|x86.ActiveCfg = Debug|Any CPU
		{72905889-262E-4555-A47B-F3C2E8768BA0}.Debug|x86.Build.0 = Debug|Any CPU
		{72905889-262E-4555-A47B-F3C2E8768BA0}.Release|Any CPU.ActiveCfg = Release|Any CPU
		{72905889-262E-4555-A47B-F3C2E8768BA0}.Release|Any CPU.Build.0 = Release|Any CPU
		{72905889-262E-4555-A47B-F3C2E8768BA0}.Release|x64.ActiveCfg = Release|Any CPU
		{72905889-262E-4555-A47B-F3C2E8768BA0}.Release|x64.Build.0 = Release|Any CPU
		{72905889-262E-4555-A47B-F3C2E8768BA0}.Release|x86.ActiveCfg = Release|Any CPU
		{72905889-262E-4555-A47B-F3C2E8768BA0}.Release|x86.Build.0 = Release|Any CPU
		{D9FA8977-E954-436E-81C8-38DCE64B1A7D}.Debug|Any CPU.ActiveCfg = Debug|Any CPU
		{D9FA8977-E954-436E-81C8-38DCE64B1A7D}.Debug|Any CPU.Build.0 = Debug|Any CPU
		{D9FA8977-E954-436E-81C8-38DCE64B1A7D}.Debug|x64.ActiveCfg = Debug|Any CPU
		{D9FA8977-E954-436E-81C8-38DCE64B1A7D}.Debug|x64.Build.0 = Debug|Any CPU
		{D9FA8977-E954-436E-81C8-38DCE64B1A7D}.Debug|x86.ActiveCfg = Debug|Any CPU
		{D9FA8977-E954-436E-81C8-38DCE64B1A7D}.Debug|x86.Build.0 = Debug|Any CPU
		{D9FA8977-E954-436E-81C8-38DCE64B1A7D}.Release|Any CPU.ActiveCfg = Release|Any CPU
		{D9FA8977-E954-436E-81C8-38DCE64B1A7D}.Release|Any CPU.Build.0 = Release|Any CPU
		{D9FA8977-E954-436E-81C8-38DCE64B1A7D}.Release|x64.ActiveCfg = Release|Any CPU
		{D9FA8977-E954-436E-81C8-38DCE64B1A7D}.Release|x64.Build.0 = Release|Any CPU
		{D9FA8977-E954-436E-81C8-38DCE64B1A7D}.Release|x86.ActiveCfg = Release|Any CPU
		{D9FA8977-E954-436E-81C8-38DCE64B1A7D}.Release|x86.Build.0 = Release|Any CPU
	EndGlobalSection
	GlobalSection(SolutionProperties) = preSolution
		HideSolutionNode = FALSE
	EndGlobalSection
EndGlobal
